
Microsoft Visual Studio Solution File, Format Version 12.00
# Visual Studio Version 16
VisualStudioVersion = 16.0.31402.337
MinimumVisualStudioVersion = 10.0.40219.1
Project("{FAE04EC0-301F-11D3-BF4B-00C04F79EFBC}") = "PruebaGitHub", "PruebaGitHub.csproj", "{C77DF9A5-0761-427D-B4D7-B6D353B75D29}"
EndProject
Global
	GlobalSection(SolutionConfigurationPlatforms) = preSolution
		Debug|Any CPU = Debug|Any CPU
		Release|Any CPU = Release|Any CPU
	EndGlobalSection
	GlobalSection(ProjectConfigurationPlatforms) = postSolution
		{C77DF9A5-0761-427D-B4D7-B6D353B75D29}.Debug|Any CPU.ActiveCfg = Debug|Any CPU
		{C77DF9A5-0761-427D-B4D7-B6D353B75D29}.Debug|Any CPU.Build.0 = Debug|Any CPU
		{C77DF9A5-0761-427D-B4D7-B6D353B75D29}.Release|Any CPU.ActiveCfg = Release|Any CPU
		{C77DF9A5-0761-427D-B4D7-B6D353B75D29}.Release|Any CPU.Build.0 = Release|Any CPU
	EndGlobalSection
	GlobalSection(SolutionProperties) = preSolution
		HideSolutionNode = FALSE
	EndGlobalSection
	GlobalSection(ExtensibilityGlobals) = postSolution
		SolutionGuid = {B8706E7F-44DC-4001-B7D1-E97F05A1897F}
	EndGlobalSection
EndGlobal
